
Microsoft Visual Studio Solution File, Format Version 12.00
# Visual Studio 2013
VisualStudioVersion = 12.0.30723.0
MinimumVisualStudioVersion = 10.0.40219.1
Project("{8BC9CEB8-8B4A-11D0-8D11-00A0C91BC942}") = "UT_AllocatedObject", "Unit Tests\UT_AllocatedObject\UT_AllocatedObject.vcxproj", "{527CFFCC-ABA1-45D5-8548-689A4DCAE379}"
EndProject
Project("{2150E333-8FDC-42A3-9474-1A3956D46DE8}") = "Unit Tests", "Unit Tests", "{02379F4A-3DA1-4D09-B176-BC2B1B6845B2}"
EndProject
Project("{2150E333-8FDC-42A3-9474-1A3956D46DE8}") = "Clairvoyance", "Clairvoyance", "{B6E12636-39FE-4808-96CC-51D94CC83028}"
EndProject
Project("{8BC9CEB8-8B4A-11D0-8D11-00A0C91BC942}") = "UT_Threading", "Unit Tests\UT_Threading\UT_Threading.vcxproj", "{76DE3639-9753-4BCE-A36D-A5232C0B3876}"
EndProject
Project("{8BC9CEB8-8B4A-11D0-8D11-00A0C91BC942}") = "UT_General", "Unit Tests\UT_General\UT_General.vcxproj", "{07680A07-8240-4A62-84DE-43020DD49FB1}"
EndProject
Project("{2150E333-8FDC-42A3-9474-1A3956D46DE8}") = "Google Test", "Google Test", "{759BBF93-C523-4C70-A52E-04E50895FF59}"
EndProject
Project("{8BC9CEB8-8B4A-11D0-8D11-00A0C91BC942}") = "gtest_main", "gtest_main\gtest_main.vcxproj", "{12AFABCE-B2EB-4A3E-9534-2E0DBEE14D72}"
EndProject
Project("{8BC9CEB8-8B4A-11D0-8D11-00A0C91BC942}") = "ClairvoyanceCore", "ClairvoyanceCore\ClairvoyanceCore.vcxproj", "{C22F24B4-E2CF-4031-8AC2-8FEAC5A863EB}"
EndProject
Project("{8BC9CEB8-8B4A-11D0-8D11-00A0C91BC942}") = "ClairvoyanceMath", "ClairvoyanceMath\ClairvoyanceMath.vcxproj", "{B2648FBC-DAB4-45F2-9159-4090A6004699}"
EndProject
Project("{8BC9CEB8-8B4A-11D0-8D11-00A0C91BC942}") = "ClairvoyanceRendering", "ClairvoyanceRendering\ClairvoyanceRendering.vcxproj", "{E5240570-5738-42BC-B402-58C66EFD4719}"
EndProject
Project("{8BC9CEB8-8B4A-11D0-8D11-00A0C91BC942}") = "ClairvoyanceRenderSystemGL", "ClairvoyanceRenderSystemGL\ClairvoyanceRenderSystemGL.vcxproj", "{F7CE7B17-57AB-4B3A-8801-DDBC7A76A683}"
EndProject
Project("{8BC9CEB8-8B4A-11D0-8D11-00A0C91BC942}") = "UT_RenderSystemGL", "Unit Tests\UT_RenderSystemGL\UT_RenderSystemGL.vcxproj", "{C3D08683-6ACD-4976-BE7C-DD73F4BF3799}"
EndProject
Project("{8BC9CEB8-8B4A-11D0-8D11-00A0C91BC942}") = "UT_Math", "Unit Tests\UT_Math\UT_Math.vcxproj", "{D163765C-25C2-4650-8152-D0CD81C68E10}"
EndProject
Project("{8BC9CEB8-8B4A-11D0-8D11-00A0C91BC942}") = "UT_Memory", "Unit Tests\UT_Memory\UT_Memory.vcxproj", "{EB985A4A-3CD2-4D18-9EF6-A2F9745DE4FC}"
EndProject
Project("{8BC9CEB8-8B4A-11D0-8D11-00A0C91BC942}") = "GeneralTesting", "GeneralTesting\GeneralTesting.vcxproj", "{80214849-C036-4293-9804-FEB9ED05EF3E}"
EndProject
Project("{8BC9CEB8-8B4A-11D0-8D11-00A0C91BC942}") = "SandboxTesting", "SandboxTesting\SandboxTesting.vcxproj", "{1C42F317-8810-4AA2-83DF-A9A016E74F13}"
EndProject
Project("{2150E333-8FDC-42A3-9474-1A3956D46DE8}") = "Performance Tests", "Performance Tests", "{C4654A19-D224-4550-99AA-4D8C5E129AB9}"
EndProject
Project("{8BC9CEB8-8B4A-11D0-8D11-00A0C91BC942}") = "Memory", "Performance Tests\Memory\Memory.vcxproj", "{A6028332-A2D5-49E6-B5BD-7E725DF254A5}"
EndProject
Project("{8BC9CEB8-8B4A-11D0-8D11-00A0C91BC942}") = "Node", "Performance Tests\Node\Node.vcxproj", "{A75903F1-B7CA-4F4D-9397-FAA94F245720}"
EndProject
Project("{8BC9CEB8-8B4A-11D0-8D11-00A0C91BC942}") = "UT_Manager", "Unit Tests\UT_Manager\UT_Manager.vcxproj", "{B1D76054-EF20-4D5D-9396-AD2C3F6FA469}"
EndProject
Global
	GlobalSection(SolutionConfigurationPlatforms) = preSolution
		Debug|ARM = Debug|ARM
		Debug|Mixed Platforms = Debug|Mixed Platforms
		Debug|Win32 = Debug|Win32
		Debug|x64 = Debug|x64
		Release|ARM = Release|ARM
		Release|Mixed Platforms = Release|Mixed Platforms
		Release|Win32 = Release|Win32
		Release|x64 = Release|x64
	EndGlobalSection
	GlobalSection(ProjectConfigurationPlatforms) = postSolution
		{527CFFCC-ABA1-45D5-8548-689A4DCAE379}.Debug|ARM.ActiveCfg = Debug|Win32
		{527CFFCC-ABA1-45D5-8548-689A4DCAE379}.Debug|Mixed Platforms.ActiveCfg = Debug|Win32
		{527CFFCC-ABA1-45D5-8548-689A4DCAE379}.Debug|Mixed Platforms.Build.0 = Debug|Win32
		{527CFFCC-ABA1-45D5-8548-689A4DCAE379}.Debug|Win32.ActiveCfg = Debug|Win32
		{527CFFCC-ABA1-45D5-8548-689A4DCAE379}.Debug|Win32.Build.0 = Debug|Win32
		{527CFFCC-ABA1-45D5-8548-689A4DCAE379}.Debug|x64.ActiveCfg = Debug|x64
		{527CFFCC-ABA1-45D5-8548-689A4DCAE379}.Debug|x64.Build.0 = Debug|x64
		{527CFFCC-ABA1-45D5-8548-689A4DCAE379}.Release|ARM.ActiveCfg = Release|Win32
		{527CFFCC-ABA1-45D5-8548-689A4DCAE379}.Release|Mixed Platforms.ActiveCfg = Release|Win32
		{527CFFCC-ABA1-45D5-8548-689A4DCAE379}.Release|Mixed Platforms.Build.0 = Release|Win32
		{527CFFCC-ABA1-45D5-8548-689A4DCAE379}.Release|Win32.ActiveCfg = Release|Win32
		{527CFFCC-ABA1-45D5-8548-689A4DCAE379}.Release|Win32.Build.0 = Release|Win32
		{527CFFCC-ABA1-45D5-8548-689A4DCAE379}.Release|x64.ActiveCfg = Release|x64
		{527CFFCC-ABA1-45D5-8548-689A4DCAE379}.Release|x64.Build.0 = Release|x64
		{76DE3639-9753-4BCE-A36D-A5232C0B3876}.Debug|ARM.ActiveCfg = Debug|Win32
		{76DE3639-9753-4BCE-A36D-A5232C0B3876}.Debug|Mixed Platforms.ActiveCfg = Debug|Win32
		{76DE3639-9753-4BCE-A36D-A5232C0B3876}.Debug|Mixed Platforms.Build.0 = Debug|Win32
		{76DE3639-9753-4BCE-A36D-A5232C0B3876}.Debug|Win32.ActiveCfg = Debug|Win32
		{76DE3639-9753-4BCE-A36D-A5232C0B3876}.Debug|Win32.Build.0 = Debug|Win32
		{76DE3639-9753-4BCE-A36D-A5232C0B3876}.Debug|x64.ActiveCfg = Debug|x64
		{76DE3639-9753-4BCE-A36D-A5232C0B3876}.Debug|x64.Build.0 = Debug|x64
		{76DE3639-9753-4BCE-A36D-A5232C0B3876}.Release|ARM.ActiveCfg = Release|Win32
		{76DE3639-9753-4BCE-A36D-A5232C0B3876}.Release|Mixed Platforms.ActiveCfg = Release|Win32
		{76DE3639-9753-4BCE-A36D-A5232C0B3876}.Release|Mixed Platforms.Build.0 = Release|Win32
		{76DE3639-9753-4BCE-A36D-A5232C0B3876}.Release|Win32.ActiveCfg = Release|Win32
		{76DE3639-9753-4BCE-A36D-A5232C0B3876}.Release|Win32.Build.0 = Release|Win32
		{76DE3639-9753-4BCE-A36D-A5232C0B3876}.Release|x64.ActiveCfg = Release|x64
		{76DE3639-9753-4BCE-A36D-A5232C0B3876}.Release|x64.Build.0 = Release|x64
		{07680A07-8240-4A62-84DE-43020DD49FB1}.Debug|ARM.ActiveCfg = Debug|Win32
		{07680A07-8240-4A62-84DE-43020DD49FB1}.Debug|Mixed Platforms.ActiveCfg = Debug|Win32
		{07680A07-8240-4A62-84DE-43020DD49FB1}.Debug|Mixed Platforms.Build.0 = Debug|Win32
		{07680A07-8240-4A62-84DE-43020DD49FB1}.Debug|Win32.ActiveCfg = Debug|Win32
		{07680A07-8240-4A62-84DE-43020DD49FB1}.Debug|Win32.Build.0 = Debug|Win32
		{07680A07-8240-4A62-84DE-43020DD49FB1}.Debug|x64.ActiveCfg = Debug|x64
		{07680A07-8240-4A62-84DE-43020DD49FB1}.Debug|x64.Build.0 = Debug|x64
		{07680A07-8240-4A62-84DE-43020DD49FB1}.Release|ARM.ActiveCfg = Release|Win32
		{07680A07-8240-4A62-84DE-43020DD49FB1}.Release|Mixed Platforms.ActiveCfg = Release|Win32
		{07680A07-8240-4A62-84DE-43020DD49FB1}.Release|Mixed Platforms.Build.0 = Release|Win32
		{07680A07-8240-4A62-84DE-43020DD49FB1}.Release|Win32.ActiveCfg = Release|Win32
		{07680A07-8240-4A62-84DE-43020DD49FB1}.Release|Win32.Build.0 = Release|Win32
		{07680A07-8240-4A62-84DE-43020DD49FB1}.Release|x64.ActiveCfg = Release|x64
		{07680A07-8240-4A62-84DE-43020DD49FB1}.Release|x64.Build.0 = Release|x64
		{12AFABCE-B2EB-4A3E-9534-2E0DBEE14D72}.Debug|ARM.ActiveCfg = Debug|Win32
		{12AFABCE-B2EB-4A3E-9534-2E0DBEE14D72}.Debug|Mixed Platforms.ActiveCfg = Debug|Win32
		{12AFABCE-B2EB-4A3E-9534-2E0DBEE14D72}.Debug|Mixed Platforms.Build.0 = Debug|Win32
		{12AFABCE-B2EB-4A3E-9534-2E0DBEE14D72}.Debug|Win32.ActiveCfg = Debug|Win32
		{12AFABCE-B2EB-4A3E-9534-2E0DBEE14D72}.Debug|x64.ActiveCfg = Debug|x64
		{12AFABCE-B2EB-4A3E-9534-2E0DBEE14D72}.Debug|x64.Build.0 = Debug|x64
		{12AFABCE-B2EB-4A3E-9534-2E0DBEE14D72}.Release|ARM.ActiveCfg = Release|Win32
		{12AFABCE-B2EB-4A3E-9534-2E0DBEE14D72}.Release|Mixed Platforms.ActiveCfg = Release|Win32
		{12AFABCE-B2EB-4A3E-9534-2E0DBEE14D72}.Release|Mixed Platforms.Build.0 = Release|Win32
		{12AFABCE-B2EB-4A3E-9534-2E0DBEE14D72}.Release|Win32.ActiveCfg = Release|Win32
		{12AFABCE-B2EB-4A3E-9534-2E0DBEE14D72}.Release|x64.ActiveCfg = Release|Win32
		{12AFABCE-B2EB-4A3E-9534-2E0DBEE14D72}.Release|x64.Build.0 = Release|Win32
		{C22F24B4-E2CF-4031-8AC2-8FEAC5A863EB}.Debug|ARM.ActiveCfg = Debug|Win32
		{C22F24B4-E2CF-4031-8AC2-8FEAC5A863EB}.Debug|Mixed Platforms.ActiveCfg = Debug|Win32
		{C22F24B4-E2CF-4031-8AC2-8FEAC5A863EB}.Debug|Mixed Platforms.Build.0 = Debug|Win32
		{C22F24B4-E2CF-4031-8AC2-8FEAC5A863EB}.Debug|Win32.ActiveCfg = Debug|Win32
		{C22F24B4-E2CF-4031-8AC2-8FEAC5A863EB}.Debug|Win32.Build.0 = Debug|Win32
		{C22F24B4-E2CF-4031-8AC2-8FEAC5A863EB}.Debug|x64.ActiveCfg = Debug|x64
		{C22F24B4-E2CF-4031-8AC2-8FEAC5A863EB}.Debug|x64.Build.0 = Debug|x64
		{C22F24B4-E2CF-4031-8AC2-8FEAC5A863EB}.Release|ARM.ActiveCfg = Release|Win32
		{C22F24B4-E2CF-4031-8AC2-8FEAC5A863EB}.Release|Mixed Platforms.ActiveCfg = Release|Win32
		{C22F24B4-E2CF-4031-8AC2-8FEAC5A863EB}.Release|Mixed Platforms.Build.0 = Release|Win32
		{C22F24B4-E2CF-4031-8AC2-8FEAC5A863EB}.Release|Win32.ActiveCfg = Release|Win32
		{C22F24B4-E2CF-4031-8AC2-8FEAC5A863EB}.Release|Win32.Build.0 = Release|Win32
		{C22F24B4-E2CF-4031-8AC2-8FEAC5A863EB}.Release|x64.ActiveCfg = Release|x64
		{C22F24B4-E2CF-4031-8AC2-8FEAC5A863EB}.Release|x64.Build.0 = Release|x64
		{B2648FBC-DAB4-45F2-9159-4090A6004699}.Debug|ARM.ActiveCfg = Debug|Win32
		{B2648FBC-DAB4-45F2-9159-4090A6004699}.Debug|Mixed Platforms.ActiveCfg = Debug|Win32
		{B2648FBC-DAB4-45F2-9159-4090A6004699}.Debug|Mixed Platforms.Build.0 = Debug|Win32
		{B2648FBC-DAB4-45F2-9159-4090A6004699}.Debug|Win32.ActiveCfg = Debug|Win32
		{B2648FBC-DAB4-45F2-9159-4090A6004699}.Debug|Win32.Build.0 = Debug|Win32
		{B2648FBC-DAB4-45F2-9159-4090A6004699}.Debug|x64.ActiveCfg = Debug|x64
		{B2648FBC-DAB4-45F2-9159-4090A6004699}.Debug|x64.Build.0 = Debug|x64
		{B2648FBC-DAB4-45F2-9159-4090A6004699}.Release|ARM.ActiveCfg = Release|Win32
		{B2648FBC-DAB4-45F2-9159-4090A6004699}.Release|Mixed Platforms.ActiveCfg = Release|Win32
		{B2648FBC-DAB4-45F2-9159-4090A6004699}.Release|Mixed Platforms.Build.0 = Release|Win32
		{B2648FBC-DAB4-45F2-9159-4090A6004699}.Release|Win32.ActiveCfg = Release|Win32
		{B2648FBC-DAB4-45F2-9159-4090A6004699}.Release|Win32.Build.0 = Release|Win32
		{B2648FBC-DAB4-45F2-9159-4090A6004699}.Release|x64.ActiveCfg = Release|x64
		{B2648FBC-DAB4-45F2-9159-4090A6004699}.Release|x64.Build.0 = Release|x64
		{E5240570-5738-42BC-B402-58C66EFD4719}.Debug|ARM.ActiveCfg = Debug|Win32
		{E5240570-5738-42BC-B402-58C66EFD4719}.Debug|Mixed Platforms.ActiveCfg = Debug|Win32
		{E5240570-5738-42BC-B402-58C66EFD4719}.Debug|Mixed Platforms.Build.0 = Debug|Win32
		{E5240570-5738-42BC-B402-58C66EFD4719}.Debug|Win32.ActiveCfg = Debug|Win32
		{E5240570-5738-42BC-B402-58C66EFD4719}.Debug|Win32.Build.0 = Debug|Win32
		{E5240570-5738-42BC-B402-58C66EFD4719}.Debug|x64.ActiveCfg = Debug|x64
		{E5240570-5738-42BC-B402-58C66EFD4719}.Debug|x64.Build.0 = Debug|x64
		{E5240570-5738-42BC-B402-58C66EFD4719}.Release|ARM.ActiveCfg = Release|Win32
		{E5240570-5738-42BC-B402-58C66EFD4719}.Release|Mixed Platforms.ActiveCfg = Release|Win32
		{E5240570-5738-42BC-B402-58C66EFD4719}.Release|Mixed Platforms.Build.0 = Release|Win32
		{E5240570-5738-42BC-B402-58C66EFD4719}.Release|Win32.ActiveCfg = Release|Win32
		{E5240570-5738-42BC-B402-58C66EFD4719}.Release|Win32.Build.0 = Release|Win32
		{E5240570-5738-42BC-B402-58C66EFD4719}.Release|x64.ActiveCfg = Release|x64
		{E5240570-5738-42BC-B402-58C66EFD4719}.Release|x64.Build.0 = Release|x64
		{F7CE7B17-57AB-4B3A-8801-DDBC7A76A683}.Debug|ARM.ActiveCfg = Debug|Win32
		{F7CE7B17-57AB-4B3A-8801-DDBC7A76A683}.Debug|Mixed Platforms.ActiveCfg = Debug|Win32
		{F7CE7B17-57AB-4B3A-8801-DDBC7A76A683}.Debug|Mixed Platforms.Build.0 = Debug|Win32
		{F7CE7B17-57AB-4B3A-8801-DDBC7A76A683}.Debug|Win32.ActiveCfg = Debug|Win32
		{F7CE7B17-57AB-4B3A-8801-DDBC7A76A683}.Debug|Win32.Build.0 = Debug|Win32
		{F7CE7B17-57AB-4B3A-8801-DDBC7A76A683}.Debug|x64.ActiveCfg = Debug|x64
		{F7CE7B17-57AB-4B3A-8801-DDBC7A76A683}.Debug|x64.Build.0 = Debug|x64
		{F7CE7B17-57AB-4B3A-8801-DDBC7A76A683}.Release|ARM.ActiveCfg = Release|Win32
		{F7CE7B17-57AB-4B3A-8801-DDBC7A76A683}.Release|Mixed Platforms.ActiveCfg = Release|Win32
		{F7CE7B17-57AB-4B3A-8801-DDBC7A76A683}.Release|Mixed Platforms.Build.0 = Release|Win32
		{F7CE7B17-57AB-4B3A-8801-DDBC7A76A683}.Release|Win32.ActiveCfg = Release|Win32
		{F7CE7B17-57AB-4B3A-8801-DDBC7A76A683}.Release|Win32.Build.0 = Release|Win32
		{F7CE7B17-57AB-4B3A-8801-DDBC7A76A683}.Release|x64.ActiveCfg = Release|x64
		{F7CE7B17-57AB-4B3A-8801-DDBC7A76A683}.Release|x64.Build.0 = Release|x64
		{C3D08683-6ACD-4976-BE7C-DD73F4BF3799}.Debug|ARM.ActiveCfg = Debug|Win32
		{C3D08683-6ACD-4976-BE7C-DD73F4BF3799}.Debug|Mixed Platforms.ActiveCfg = Debug|Win32
		{C3D08683-6ACD-4976-BE7C-DD73F4BF3799}.Debug|Mixed Platforms.Build.0 = Debug|Win32
		{C3D08683-6ACD-4976-BE7C-DD73F4BF3799}.Debug|Win32.ActiveCfg = Debug|Win32
		{C3D08683-6ACD-4976-BE7C-DD73F4BF3799}.Debug|Win32.Build.0 = Debug|Win32
		{C3D08683-6ACD-4976-BE7C-DD73F4BF3799}.Debug|x64.ActiveCfg = Debug|x64
		{C3D08683-6ACD-4976-BE7C-DD73F4BF3799}.Debug|x64.Build.0 = Debug|x64
		{C3D08683-6ACD-4976-BE7C-DD73F4BF3799}.Release|ARM.ActiveCfg = Release|Win32
		{C3D08683-6ACD-4976-BE7C-DD73F4BF3799}.Release|Mixed Platforms.ActiveCfg = Release|Win32
		{C3D08683-6ACD-4976-BE7C-DD73F4BF3799}.Release|Mixed Platforms.Build.0 = Release|Win32
		{C3D08683-6ACD-4976-BE7C-DD73F4BF3799}.Release|Win32.ActiveCfg = Release|Win32
		{C3D08683-6ACD-4976-BE7C-DD73F4BF3799}.Release|Win32.Build.0 = Release|Win32
		{C3D08683-6ACD-4976-BE7C-DD73F4BF3799}.Release|x64.ActiveCfg = Release|x64
		{C3D08683-6ACD-4976-BE7C-DD73F4BF3799}.Release|x64.Build.0 = Release|x64
		{D163765C-25C2-4650-8152-D0CD81C68E10}.Debug|ARM.ActiveCfg = Debug|Win32
		{D163765C-25C2-4650-8152-D0CD81C68E10}.Debug|Mixed Platforms.ActiveCfg = Debug|Win32
		{D163765C-25C2-4650-8152-D0CD81C68E10}.Debug|Mixed Platforms.Build.0 = Debug|Win32
		{D163765C-25C2-4650-8152-D0CD81C68E10}.Debug|Win32.ActiveCfg = Debug|Win32
		{D163765C-25C2-4650-8152-D0CD81C68E10}.Debug|Win32.Build.0 = Debug|Win32
		{D163765C-25C2-4650-8152-D0CD81C68E10}.Debug|x64.ActiveCfg = Debug|x64
		{D163765C-25C2-4650-8152-D0CD81C68E10}.Debug|x64.Build.0 = Debug|x64
		{D163765C-25C2-4650-8152-D0CD81C68E10}.Release|ARM.ActiveCfg = Release|Win32
		{D163765C-25C2-4650-8152-D0CD81C68E10}.Release|Mixed Platforms.ActiveCfg = Release|Win32
		{D163765C-25C2-4650-8152-D0CD81C68E10}.Release|Mixed Platforms.Build.0 = Release|Win32
		{D163765C-25C2-4650-8152-D0CD81C68E10}.Release|Win32.ActiveCfg = Release|Win32
		{D163765C-25C2-4650-8152-D0CD81C68E10}.Release|Win32.Build.0 = Release|Win32
		{D163765C-25C2-4650-8152-D0CD81C68E10}.Release|x64.ActiveCfg = Release|x64
		{D163765C-25C2-4650-8152-D0CD81C68E10}.Release|x64.Build.0 = Release|x64
		{EB985A4A-3CD2-4D18-9EF6-A2F9745DE4FC}.Debug|ARM.ActiveCfg = Debug|Win32
		{EB985A4A-3CD2-4D18-9EF6-A2F9745DE4FC}.Debug|Mixed Platforms.ActiveCfg = Debug|Win32
		{EB985A4A-3CD2-4D18-9EF6-A2F9745DE4FC}.Debug|Mixed Platforms.Build.0 = Debug|Win32
		{EB985A4A-3CD2-4D18-9EF6-A2F9745DE4FC}.Debug|Win32.ActiveCfg = Debug|Win32
		{EB985A4A-3CD2-4D18-9EF6-A2F9745DE4FC}.Debug|Win32.Build.0 = Debug|Win32
		{EB985A4A-3CD2-4D18-9EF6-A2F9745DE4FC}.Debug|x64.ActiveCfg = Debug|x64
		{EB985A4A-3CD2-4D18-9EF6-A2F9745DE4FC}.Debug|x64.Build.0 = Debug|x64
		{EB985A4A-3CD2-4D18-9EF6-A2F9745DE4FC}.Release|ARM.ActiveCfg = Release|Win32
		{EB985A4A-3CD2-4D18-9EF6-A2F9745DE4FC}.Release|Mixed Platforms.ActiveCfg = Release|Win32
		{EB985A4A-3CD2-4D18-9EF6-A2F9745DE4FC}.Release|Mixed Platforms.Build.0 = Release|Win32
		{EB985A4A-3CD2-4D18-9EF6-A2F9745DE4FC}.Release|Win32.ActiveCfg = Release|Win32
		{EB985A4A-3CD2-4D18-9EF6-A2F9745DE4FC}.Release|Win32.Build.0 = Release|Win32
		{EB985A4A-3CD2-4D18-9EF6-A2F9745DE4FC}.Release|x64.ActiveCfg = Release|x64
		{EB985A4A-3CD2-4D18-9EF6-A2F9745DE4FC}.Release|x64.Build.0 = Release|x64
		{80214849-C036-4293-9804-FEB9ED05EF3E}.Debug|ARM.ActiveCfg = Debug|Win32
		{80214849-C036-4293-9804-FEB9ED05EF3E}.Debug|Mixed Platforms.ActiveCfg = Debug|Win32
		{80214849-C036-4293-9804-FEB9ED05EF3E}.Debug|Mixed Platforms.Build.0 = Debug|Win32
		{80214849-C036-4293-9804-FEB9ED05EF3E}.Debug|Win32.ActiveCfg = Debug|Win32
		{80214849-C036-4293-9804-FEB9ED05EF3E}.Debug|Win32.Build.0 = Debug|Win32
		{80214849-C036-4293-9804-FEB9ED05EF3E}.Debug|x64.ActiveCfg = Debug|Win32
		{80214849-C036-4293-9804-FEB9ED05EF3E}.Release|ARM.ActiveCfg = Release|Win32
		{80214849-C036-4293-9804-FEB9ED05EF3E}.Release|Mixed Platforms.ActiveCfg = Release|Win32
		{80214849-C036-4293-9804-FEB9ED05EF3E}.Release|Mixed Platforms.Build.0 = Release|Win32
		{80214849-C036-4293-9804-FEB9ED05EF3E}.Release|Win32.ActiveCfg = Release|Win32
		{80214849-C036-4293-9804-FEB9ED05EF3E}.Release|Win32.Build.0 = Release|Win32
		{80214849-C036-4293-9804-FEB9ED05EF3E}.Release|x64.ActiveCfg = Release|Win32
		{1C42F317-8810-4AA2-83DF-A9A016E74F13}.Debug|ARM.ActiveCfg = Debug|Win32
		{1C42F317-8810-4AA2-83DF-A9A016E74F13}.Debug|Mixed Platforms.ActiveCfg = Debug|Win32
		{1C42F317-8810-4AA2-83DF-A9A016E74F13}.Debug|Mixed Platforms.Build.0 = Debug|Win32
		{1C42F317-8810-4AA2-83DF-A9A016E74F13}.Debug|Win32.ActiveCfg = Debug|Win32
		{1C42F317-8810-4AA2-83DF-A9A016E74F13}.Debug|Win32.Build.0 = Debug|Win32
		{1C42F317-8810-4AA2-83DF-A9A016E74F13}.Debug|x64.ActiveCfg = Debug|x64
		{1C42F317-8810-4AA2-83DF-A9A016E74F13}.Debug|x64.Build.0 = Debug|x64
		{1C42F317-8810-4AA2-83DF-A9A016E74F13}.Release|ARM.ActiveCfg = Release|Win32
		{1C42F317-8810-4AA2-83DF-A9A016E74F13}.Release|Mixed Platforms.ActiveCfg = Release|Win32
		{1C42F317-8810-4AA2-83DF-A9A016E74F13}.Release|Mixed Platforms.Build.0 = Release|Win32
		{1C42F317-8810-4AA2-83DF-A9A016E74F13}.Release|Win32.ActiveCfg = Release|Win32
		{1C42F317-8810-4AA2-83DF-A9A016E74F13}.Release|Win32.Build.0 = Release|Win32
		{1C42F317-8810-4AA2-83DF-A9A016E74F13}.Release|x64.ActiveCfg = Release|x64
		{1C42F317-8810-4AA2-83DF-A9A016E74F13}.Release|x64.Build.0 = Release|x64
		{A6028332-A2D5-49E6-B5BD-7E725DF254A5}.Debug|ARM.ActiveCfg = Debug|Win32
		{A6028332-A2D5-49E6-B5BD-7E725DF254A5}.Debug|Mixed Platforms.ActiveCfg = Debug|Win32
		{A6028332-A2D5-49E6-B5BD-7E725DF254A5}.Debug|Mixed Platforms.Build.0 = Debug|Win32
		{A6028332-A2D5-49E6-B5BD-7E725DF254A5}.Debug|Win32.ActiveCfg = Debug|Win32
		{A6028332-A2D5-49E6-B5BD-7E725DF254A5}.Debug|Win32.Build.0 = Debug|Win32
		{A6028332-A2D5-49E6-B5BD-7E725DF254A5}.Debug|x64.ActiveCfg = Debug|Win32
		{A6028332-A2D5-49E6-B5BD-7E725DF254A5}.Release|ARM.ActiveCfg = Release|Win32
		{A6028332-A2D5-49E6-B5BD-7E725DF254A5}.Release|Mixed Platforms.ActiveCfg = Release|Win32
		{A6028332-A2D5-49E6-B5BD-7E725DF254A5}.Release|Mixed Platforms.Build.0 = Release|Win32
		{A6028332-A2D5-49E6-B5BD-7E725DF254A5}.Release|Win32.ActiveCfg = Release|Win32
		{A6028332-A2D5-49E6-B5BD-7E725DF254A5}.Release|Win32.Build.0 = Release|Win32
		{A6028332-A2D5-49E6-B5BD-7E725DF254A5}.Release|x64.ActiveCfg = Release|Win32
		{A75903F1-B7CA-4F4D-9397-FAA94F245720}.Debug|ARM.ActiveCfg = Debug|Win32
		{A75903F1-B7CA-4F4D-9397-FAA94F245720}.Debug|Mixed Platforms.ActiveCfg = Debug|Win32
		{A75903F1-B7CA-4F4D-9397-FAA94F245720}.Debug|Mixed Platforms.Build.0 = Debug|Win32
		{A75903F1-B7CA-4F4D-9397-FAA94F245720}.Debug|Win32.ActiveCfg = Debug|Win32
		{A75903F1-B7CA-4F4D-9397-FAA94F245720}.Debug|Win32.Build.0 = Debug|Win32
		{A75903F1-B7CA-4F4D-9397-FAA94F245720}.Debug|x64.ActiveCfg = Debug|Win32
		{A75903F1-B7CA-4F4D-9397-FAA94F245720}.Release|ARM.ActiveCfg = Release|Win32
		{A75903F1-B7CA-4F4D-9397-FAA94F245720}.Release|Mixed Platforms.ActiveCfg = Release|Win32
		{A75903F1-B7CA-4F4D-9397-FAA94F245720}.Release|Mixed Platforms.Build.0 = Release|Win32
		{A75903F1-B7CA-4F4D-9397-FAA94F245720}.Release|Win32.ActiveCfg = Release|Win32
		{A75903F1-B7CA-4F4D-9397-FAA94F245720}.Release|Win32.Build.0 = Release|Win32
		{A75903F1-B7CA-4F4D-9397-FAA94F245720}.Release|x64.ActiveCfg = Release|Win32
		{B1D76054-EF20-4D5D-9396-AD2C3F6FA469}.Debug|ARM.ActiveCfg = Debug|Win32
		{B1D76054-EF20-4D5D-9396-AD2C3F6FA469}.Debug|Mixed Platforms.ActiveCfg = Debug|Win32
		{B1D76054-EF20-4D5D-9396-AD2C3F6FA469}.Debug|Mixed Platforms.Build.0 = Debug|Win32
		{B1D76054-EF20-4D5D-9396-AD2C3F6FA469}.Debug|Win32.ActiveCfg = Debug|Win32
		{B1D76054-EF20-4D5D-9396-AD2C3F6FA469}.Debug|Win32.Build.0 = Debug|Win32
		{B1D76054-EF20-4D5D-9396-AD2C3F6FA469}.Debug|x64.ActiveCfg = Debug|Win32
		{B1D76054-EF20-4D5D-9396-AD2C3F6FA469}.Release|ARM.ActiveCfg = Release|Win32
		{B1D76054-EF20-4D5D-9396-AD2C3F6FA469}.Release|Mixed Platforms.ActiveCfg = Release|Win32
		{B1D76054-EF20-4D5D-9396-AD2C3F6FA469}.Release|Mixed Platforms.Build.0 = Release|Win32
		{B1D76054-EF20-4D5D-9396-AD2C3F6FA469}.Release|Win32.ActiveCfg = Release|Win32
		{B1D76054-EF20-4D5D-9396-AD2C3F6FA469}.Release|Win32.Build.0 = Release|Win32
		{B1D76054-EF20-4D5D-9396-AD2C3F6FA469}.Release|x64.ActiveCfg = Release|Win32
	EndGlobalSection
	GlobalSection(SolutionProperties) = preSolution
		HideSolutionNode = FALSE
	EndGlobalSection
	GlobalSection(NestedProjects) = preSolution
		{527CFFCC-ABA1-45D5-8548-689A4DCAE379} = {02379F4A-3DA1-4D09-B176-BC2B1B6845B2}
		{76DE3639-9753-4BCE-A36D-A5232C0B3876} = {02379F4A-3DA1-4D09-B176-BC2B1B6845B2}
		{07680A07-8240-4A62-84DE-43020DD49FB1} = {02379F4A-3DA1-4D09-B176-BC2B1B6845B2}
		{12AFABCE-B2EB-4A3E-9534-2E0DBEE14D72} = {759BBF93-C523-4C70-A52E-04E50895FF59}
		{C22F24B4-E2CF-4031-8AC2-8FEAC5A863EB} = {B6E12636-39FE-4808-96CC-51D94CC83028}
		{B2648FBC-DAB4-45F2-9159-4090A6004699} = {B6E12636-39FE-4808-96CC-51D94CC83028}
		{E5240570-5738-42BC-B402-58C66EFD4719} = {B6E12636-39FE-4808-96CC-51D94CC83028}
		{F7CE7B17-57AB-4B3A-8801-DDBC7A76A683} = {B6E12636-39FE-4808-96CC-51D94CC83028}
		{C3D08683-6ACD-4976-BE7C-DD73F4BF3799} = {02379F4A-3DA1-4D09-B176-BC2B1B6845B2}
		{D163765C-25C2-4650-8152-D0CD81C68E10} = {02379F4A-3DA1-4D09-B176-BC2B1B6845B2}
		{EB985A4A-3CD2-4D18-9EF6-A2F9745DE4FC} = {02379F4A-3DA1-4D09-B176-BC2B1B6845B2}
		{A6028332-A2D5-49E6-B5BD-7E725DF254A5} = {C4654A19-D224-4550-99AA-4D8C5E129AB9}
		{A75903F1-B7CA-4F4D-9397-FAA94F245720} = {C4654A19-D224-4550-99AA-4D8C5E129AB9}
		{B1D76054-EF20-4D5D-9396-AD2C3F6FA469} = {02379F4A-3DA1-4D09-B176-BC2B1B6845B2}
	EndGlobalSection
EndGlobal
